
Microsoft Visual Studio Solution File, Format Version 12.00
# Visual Studio 15
VisualStudioVersion = 15.0.27703.2000
MinimumVisualStudioVersion = 10.0.40219.1
Project("{FAE04EC0-301F-11D3-BF4B-00C04F79EFBC}") = "IRCbot", "IRCbot\IRCbot.csproj", "{195BAC9E-4E8D-4D1C-9507-2B893763FD3C}"
EndProject
Global
	GlobalSection(SolutionConfigurationPlatforms) = preSolution
		Debug|Any CPU = Debug|Any CPU
		Release|Any CPU = Release|Any CPU
	EndGlobalSection
	GlobalSection(ProjectConfigurationPlatforms) = postSolution
		{195BAC9E-4E8D-4D1C-9507-2B893763FD3C}.Debug|Any CPU.ActiveCfg = Debug|Any CPU
		{195BAC9E-4E8D-4D1C-9507-2B893763FD3C}.Debug|Any CPU.Build.0 = Debug|Any CPU
		{195BAC9E-4E8D-4D1C-9507-2B893763FD3C}.Release|Any CPU.ActiveCfg = Release|Any CPU
		{195BAC9E-4E8D-4D1C-9507-2B893763FD3C}.Release|Any CPU.Build.0 = Release|Any CPU
	EndGlobalSection
	GlobalSection(SolutionProperties) = preSolution
		HideSolutionNode = FALSE
	EndGlobalSection
	GlobalSection(ExtensibilityGlobals) = postSolution
		SolutionGuid = {0AA46BB1-C7FC-403E-8BBE-52D44A68142A}
	EndGlobalSection
EndGlobal
